
Microsoft Visual Studio Solution File, Format Version 12.00
# Visual Studio Version 16
VisualStudioVersion = 16.0.31702.278
MinimumVisualStudioVersion = 10.0.40219.1
Project("{9A19103F-16F7-4668-BE54-9A1E7A4F7556}") = "AuthN.Api", "AuthN.Api\AuthN.Api.csproj", "{90625363-3219-4959-A06C-6ECA03C7EB89}"
EndProject
Project("{2150E333-8FDC-42A3-9474-1A3956D46DE8}") = "Solution Items", "Solution Items", "{19472C20-E753-4F75-BFA4-5274A5031462}"
	ProjectSection(SolutionItems) = preProject
		.editorconfig = .editorconfig
		.gitignore = .gitignore
		coverlet.runsettings = coverlet.runsettings
		.config\dotnet-tools.json = .config\dotnet-tools.json
		global.json = global.json
		README.md = README.md
	EndProjectSection
EndProject
Project("{2150E333-8FDC-42A3-9474-1A3956D46DE8}") = "Testing", "Testing", "{148CB73C-B343-42CE-85AB-523706289C0B}"
EndProject
Project("{9A19103F-16F7-4668-BE54-9A1E7A4F7556}") = "AuthN.UnitTests", "AuthN.UnitTests\AuthN.UnitTests.csproj", "{516B001A-A407-47D0-BE75-6DDE23028DF6}"
EndProject
Project("{9A19103F-16F7-4668-BE54-9A1E7A4F7556}") = "AuthN.IntegrationTests", "AuthN.IntegrationTests\AuthN.IntegrationTests.csproj", "{ADC47820-0D5A-4D00-86AC-79A29BD7F28D}"
EndProject
Project("{9A19103F-16F7-4668-BE54-9A1E7A4F7556}") = "AuthN.Domain", "AuthN.Domain\AuthN.Domain.csproj", "{00388116-9F3E-4CEF-800D-7558B1992BF8}"
EndProject
Project("{9A19103F-16F7-4668-BE54-9A1E7A4F7556}") = "AuthN.Persistence", "AuthN.Persistence\AuthN.Persistence.csproj", "{E5ED88D4-83B2-4E3B-B1C4-55E61D265A3F}"
EndProject
Global
	GlobalSection(SolutionConfigurationPlatforms) = preSolution
		Debug|Any CPU = Debug|Any CPU
		Release|Any CPU = Release|Any CPU
	EndGlobalSection
	GlobalSection(ProjectConfigurationPlatforms) = postSolution
		{90625363-3219-4959-A06C-6ECA03C7EB89}.Debug|Any CPU.ActiveCfg = Debug|Any CPU
		{90625363-3219-4959-A06C-6ECA03C7EB89}.Debug|Any CPU.Build.0 = Debug|Any CPU
		{90625363-3219-4959-A06C-6ECA03C7EB89}.Release|Any CPU.ActiveCfg = Release|Any CPU
		{90625363-3219-4959-A06C-6ECA03C7EB89}.Release|Any CPU.Build.0 = Release|Any CPU
		{516B001A-A407-47D0-BE75-6DDE23028DF6}.Debug|Any CPU.ActiveCfg = Debug|Any CPU
		{516B001A-A407-47D0-BE75-6DDE23028DF6}.Debug|Any CPU.Build.0 = Debug|Any CPU
		{516B001A-A407-47D0-BE75-6DDE23028DF6}.Release|Any CPU.ActiveCfg = Release|Any CPU
		{516B001A-A407-47D0-BE75-6DDE23028DF6}.Release|Any CPU.Build.0 = Release|Any CPU
		{ADC47820-0D5A-4D00-86AC-79A29BD7F28D}.Debug|Any CPU.ActiveCfg = Debug|Any CPU
		{ADC47820-0D5A-4D00-86AC-79A29BD7F28D}.Debug|Any CPU.Build.0 = Debug|Any CPU
		{ADC47820-0D5A-4D00-86AC-79A29BD7F28D}.Release|Any CPU.ActiveCfg = Release|Any CPU
		{ADC47820-0D5A-4D00-86AC-79A29BD7F28D}.Release|Any CPU.Build.0 = Release|Any CPU
		{00388116-9F3E-4CEF-800D-7558B1992BF8}.Debug|Any CPU.ActiveCfg = Debug|Any CPU
		{00388116-9F3E-4CEF-800D-7558B1992BF8}.Debug|Any CPU.Build.0 = Debug|Any CPU
		{00388116-9F3E-4CEF-800D-7558B1992BF8}.Release|Any CPU.ActiveCfg = Release|Any CPU
		{00388116-9F3E-4CEF-800D-7558B1992BF8}.Release|Any CPU.Build.0 = Release|Any CPU
		{E5ED88D4-83B2-4E3B-B1C4-55E61D265A3F}.Debug|Any CPU.ActiveCfg = Debug|Any CPU
		{E5ED88D4-83B2-4E3B-B1C4-55E61D265A3F}.Debug|Any CPU.Build.0 = Debug|Any CPU
		{E5ED88D4-83B2-4E3B-B1C4-55E61D265A3F}.Release|Any CPU.ActiveCfg = Release|Any CPU
		{E5ED88D4-83B2-4E3B-B1C4-55E61D265A3F}.Release|Any CPU.Build.0 = Release|Any CPU
	EndGlobalSection
	GlobalSection(SolutionProperties) = preSolution
		HideSolutionNode = FALSE
	EndGlobalSection
	GlobalSection(NestedProjects) = preSolution
		{516B001A-A407-47D0-BE75-6DDE23028DF6} = {148CB73C-B343-42CE-85AB-523706289C0B}
		{ADC47820-0D5A-4D00-86AC-79A29BD7F28D} = {148CB73C-B343-42CE-85AB-523706289C0B}
	EndGlobalSection
	GlobalSection(ExtensibilityGlobals) = postSolution
		SolutionGuid = {AB1949FF-FAD6-4592-9B99-D867FF43E749}
	EndGlobalSection
EndGlobal
